// !$*UTF8*$!
{
	archiveVersion = 1;
	classes = {
	};
	objectVersion = 46;
	objects = {

/* Begin PBXBuildFile section */
		4013C25319F3ADA70082CD1B /* AppDelegate.swift in Sources */ = {isa = PBXBuildFile; fileRef = 4013C25219F3ADA70082CD1B /* AppDelegate.swift */; };
		4013C25519F3ADA70082CD1B /* ViewController.swift in Sources */ = {isa = PBXBuildFile; fileRef = 4013C25419F3ADA70082CD1B /* ViewController.swift */; };
		4013C25819F3ADA70082CD1B /* Main.storyboard in Resources */ = {isa = PBXBuildFile; fileRef = 4013C25619F3ADA70082CD1B /* Main.storyboard */; };
		4013C25A19F3ADA70082CD1B /* Images.xcassets in Resources */ = {isa = PBXBuildFile; fileRef = 4013C25919F3ADA70082CD1B /* Images.xcassets */; };
		4013C25D19F3ADA70082CD1B /* LaunchScreen.xib in Resources */ = {isa = PBXBuildFile; fileRef = 4013C25B19F3ADA70082CD1B /* LaunchScreen.xib */; };
		4013C26919F3ADA70082CD1B /* Map_AppTests.swift in Sources */ = {isa = PBXBuildFile; fileRef = 4013C26819F3ADA70082CD1B /* Map_AppTests.swift */; };
		4013C27319F3ADB60082CD1B /* MapKit.framework in Frameworks */ = {isa = PBXBuildFile; fileRef = 4013C27219F3ADB60082CD1B /* MapKit.framework */; };
		40769D9619F3BC290071BB96 /* CoreLocation.framework in Frameworks */ = {isa = PBXBuildFile; fileRef = 40769D9519F3BC290071BB96 /* CoreLocation.framework */; };
/* End PBXBuildFile section */

/* Begin PBXContainerItemProxy section */
		4013C26319F3ADA70082CD1B /* PBXContainerItemProxy */ = {
			isa = PBXContainerItemProxy;
			containerPortal = 4013C24519F3ADA60082CD1B /* Project object */;
			proxyType = 1;
			remoteGlobalIDString = 4013C24C19F3ADA70082CD1B;
			remoteInfo = "Map App";
		};
/* End PBXContainerItemProxy section */

/* Begin PBXFileReference section */
		4013C24D19F3ADA70082CD1B /* Map App.app */ = {isa = PBXFileReference; explicitFileType = wrapper.application; includeInIndex = 0; path = "Map App.app"; sourceTree = BUILT_PRODUCTS_DIR; };
		4013C25119F3ADA70082CD1B /* Info.plist */ = {isa = PBXFileReference; lastKnownFileType = text.plist.xml; path = Info.plist; sourceTree = "<group>"; };
		4013C25219F3ADA70082CD1B /* AppDelegate.swift */ = {isa = PBXFileReference; lastKnownFileType = sourcecode.swift; path = AppDelegate.swift; sourceTree = "<group>"; };
		4013C25419F3ADA70082CD1B /* ViewController.swift */ = {isa = PBXFileReference; lastKnownFileType = sourcecode.swift; path = ViewController.swift; sourceTree = "<group>"; };
		4013C25719F3ADA70082CD1B /* Base */ = {isa = PBXFileReference; lastKnownFileType = file.storyboard; name = Base; path = Base.lproj/Main.storyboard; sourceTree = "<group>"; };
		4013C25919F3ADA70082CD1B /* Images.xcassets */ = {isa = PBXFileReference; lastKnownFileType = folder.assetcatalog; path = Images.xcassets; sourceTree = "<group>"; };
		4013C25C19F3ADA70082CD1B /* Base */ = {isa = PBXFileReference; lastKnownFileType = file.xib; name = Base; path = Base.lproj/LaunchScreen.xib; sourceTree = "<group>"; };
		4013C26219F3ADA70082CD1B /* Map AppTests.xctest */ = {isa = PBXFileReference; explicitFileType = wrapper.cfbundle; includeInIndex = 0; path = "Map AppTests.xctest"; sourceTree = BUILT_PRODUCTS_DIR; };
		4013C26719F3ADA70082CD1B /* Info.plist */ = {isa = PBXFileReference; lastKnownFileType = text.plist.xml; path = Info.plist; sourceTree = "<group>"; };
		4013C26819F3ADA70082CD1B /* Map_AppTests.swift */ = {isa = PBXFileReference; lastKnownFileType = sourcecode.swift; path = Map_AppTests.swift; sourceTree = "<group>"; };
		4013C27219F3ADB60082CD1B /* MapKit.framework */ = {isa = PBXFileReference; lastKnownFileType = wrapper.framework; name = MapKit.framework; path = System/Library/Frameworks/MapKit.framework; sourceTree = SDKROOT; };
		40769D9519F3BC290071BB96 /* CoreLocation.framework */ = {isa = PBXFileReference; lastKnownFileType = wrapper.framework; name = CoreLocation.framework; path = System/Library/Frameworks/CoreLocation.framework; sourceTree = SDKROOT; };
/* End PBXFileReference section */

/* Begin PBXFrameworksBuildPhase section */
		4013C24A19F3ADA70082CD1B /* Frameworks */ = {
			isa = PBXFrameworksBuildPhase;
			buildActionMask = 2147483647;
			files = (
				40769D9619F3BC290071BB96 /* CoreLocation.framework in Frameworks */,
				4013C27319F3ADB60082CD1B /* MapKit.framework in Frameworks */,
			);
			runOnlyForDeploymentPostprocessing = 0;
		};
		4013C25F19F3ADA70082CD1B /* Frameworks */ = {
			isa = PBXFrameworksBuildPhase;
			buildActionMask = 2147483647;
			files = (
			);
			runOnlyForDeploymentPostprocessing = 0;
		};
/* End PBXFrameworksBuildPhase section */

/* Begin PBXGroup section */
		4013C24419F3ADA60082CD1B = {
			isa = PBXGroup;
			children = (
				40769D9519F3BC290071BB96 /* CoreLocation.framework */,
				4013C27219F3ADB60082CD1B /* MapKit.framework */,
				4013C24F19F3ADA70082CD1B /* Map App */,
				4013C26519F3ADA70082CD1B /* Map AppTests */,
				4013C24E19F3ADA70082CD1B /* Products */,
			);
			sourceTree = "<group>";
		};
		4013C24E19F3ADA70082CD1B /* Products */ = {
			isa = PBXGroup;
			children = (
				4013C24D19F3ADA70082CD1B /* Map App.app */,
				4013C26219F3ADA70082CD1B /* Map AppTests.xctest */,
			);
			name = Products;
			sourceTree = "<group>";
		};
		4013C24F19F3ADA70082CD1B /* Map App */ = {
			isa = PBXGroup;
			children = (
				4013C25219F3ADA70082CD1B /* AppDelegate.swift */,
				4013C25419F3ADA70082CD1B /* ViewController.swift */,
				4013C25619F3ADA70082CD1B /* Main.storyboard */,
				4013C25919F3ADA70082CD1B /* Images.xcassets */,
				4013C25B19F3ADA70082CD1B /* LaunchScreen.xib */,
				4013C25019F3ADA70082CD1B /* Supporting Files */,
			);
			path = "Map App";
			sourceTree = "<group>";
		};
		4013C25019F3ADA70082CD1B /* Supporting Files */ = {
			isa = PBXGroup;
			children = (
				4013C25119F3ADA70082CD1B /* Info.plist */,
			);
			name = "Supporting Files";
			sourceTree = "<group>";
		};
		4013C26519F3ADA70082CD1B /* Map AppTests */ = {
			isa = PBXGroup;
			children = (
				4013C26819F3ADA70082CD1B /* Map_AppTests.swift */,
				4013C26619F3ADA70082CD1B /* Supporting Files */,
			);
			path = "Map AppTests";
			sourceTree = "<group>";
		};
		4013C26619F3ADA70082CD1B /* Supporting Files */ = {
			isa = PBXGroup;
			children = (
				4013C26719F3ADA70082CD1B /* Info.plist */,
			);
			name = "Supporting Files";
			sourceTree = "<group>";
		};
/* End PBXGroup section */

/* Begin PBXNativeTarget section */
		4013C24C19F3ADA70082CD1B /* Map App */ = {
			isa = PBXNativeTarget;
			buildConfigurationList = 4013C26C19F3ADA70082CD1B /* Build configuration list for PBXNativeTarget "Map App" */;
			buildPhases = (
				4013C24919F3ADA70082CD1B /* Sources */,
				4013C24A19F3ADA70082CD1B /* Frameworks */,
				4013C24B19F3ADA70082CD1B /* Resources */,
			);
			buildRules = (
			);
			dependencies = (
			);
			name = "Map App";
			productName = "Map App";
			productReference = 4013C24D19F3ADA70082CD1B /* Map App.app */;
			productType = "com.apple.product-type.application";
		};
		4013C26119F3ADA70082CD1B /* Map AppTests */ = {
			isa = PBXNativeTarget;
			buildConfigurationList = 4013C26F19F3ADA70082CD1B /* Build configuration list for PBXNativeTarget "Map AppTests" */;
			buildPhases = (
				4013C25E19F3ADA70082CD1B /* Sources */,
				4013C25F19F3ADA70082CD1B /* Frameworks */,
				4013C26019F3ADA70082CD1B /* Resources */,
			);
			buildRules = (
			);
			dependencies = (
				4013C26419F3ADA70082CD1B /* PBXTargetDependency */,
			);
			name = "Map AppTests";
			productName = "Map AppTests";
			productReference = 4013C26219F3ADA70082CD1B /* Map AppTests.xctest */;
			productType = "com.apple.product-type.bundle.unit-test";
		};
/* End PBXNativeTarget section */

/* Begin PBXProject section */
		4013C24519F3ADA60082CD1B /* Project object */ = {
			isa = PBXProject;
			attributes = {
				LastUpgradeCheck = 0600;
				ORGANIZATIONNAME = sgudla;
				TargetAttributes = {
					4013C24C19F3ADA70082CD1B = {
						CreatedOnToolsVersion = 6.0.1;
					};
					4013C26119F3ADA70082CD1B = {
						CreatedOnToolsVersion = 6.0.1;
						TestTargetID = 4013C24C19F3ADA70082CD1B;
					};
				};
			};
			buildConfigurationList = 4013C24819F3ADA60082CD1B /* Build configuration list for PBXProject "Map App" */;
			compatibilityVersion = "Xcode 3.2";
			developmentRegion = English;
			hasScannedForEncodings = 0;
			knownRegions = (
				en,
				Base,
			);
			mainGroup = 4013C24419F3ADA60082CD1B;
			productRefGroup = 4013C24E19F3ADA70082CD1B /* Products */;
			projectDirPath = "";
			projectRoot = "";
			targets = (
				4013C24C19F3ADA70082CD1B /* Map App */,
				4013C26119F3ADA70082CD1B /* Map AppTests */,
			);
		};
/* End PBXProject section */

/* Begin PBXResourcesBuildPhase section */
		4013C24B19F3ADA70082CD1B /* Resources */ = {
			isa = PBXResourcesBuildPhase;
			buildActionMask = 2147483647;
			files = (
				4013C25819F3ADA70082CD1B /* Main.storyboard in Resources */,
				4013C25D19F3ADA70082CD1B /* LaunchScreen.xib in Resources */,
				4013C25A19F3ADA70082CD1B /* Images.xcassets in Resources */,
			);
			runOnlyForDeploymentPostprocessing = 0;
		};
		4013C26019F3ADA70082CD1B /* Resources */ = {
			isa = PBXResourcesBuildPhase;
			buildActionMask = 2147483647;
			files = (
			);
			runOnlyForDeploymentPostprocessing = 0;
		};
/* End PBXResourcesBuildPhase section */

/* Begin PBXSourcesBuildPhase section */
		4013C24919F3ADA70082CD1B /* Sources */ = {
			isa = PBXSourcesBuildPhase;
			buildActionMask = 2147483647;
			files = (
				4013C25519F3ADA70082CD1B /* ViewController.swift in Sources */,
				4013C25319F3ADA70082CD1B /* AppDelegate.swift in Sources */,
			);
			runOnlyForDeploymentPostprocessing = 0;
		};
		4013C25E19F3ADA70082CD1B /* Sources */ = {
			isa = PBXSourcesBuildPhase;
			buildActionMask = 2147483647;
			files = (
				4013C26919F3ADA70082CD1B /* Map_AppTests.swift in Sources */,
			);
			runOnlyForDeploymentPostprocessing = 0;
		};
/* End PBXSourcesBuildPhase section */

/* Begin PBXTargetDependency section */
		4013C26419F3ADA70082CD1B /* PBXTargetDependency */ = {
			isa = PBXTargetDependency;
			target = 4013C24C19F3ADA70082CD1B /* Map App */;
			targetProxy = 4013C26319F3ADA70082CD1B /* PBXContainerItemProxy */;
		};
/* End PBXTargetDependency section */

/* Begin PBXVariantGroup section */
		4013C25619F3ADA70082CD1B /* Main.storyboard */ = {
			isa = PBXVariantGroup;
			children = (
				4013C25719F3ADA70082CD1B /* Base */,
			);
			name = Main.storyboard;
			sourceTree = "<group>";
		};
		4013C25B19F3ADA70082CD1B /* LaunchScreen.xib */ = {
			isa = PBXVariantGroup;
			children = (
				4013C25C19F3ADA70082CD1B /* Base */,
			);
			name = LaunchScreen.xib;
			sourceTree = "<group>";
		};
/* End PBXVariantGroup section */

/* Begin XCBuildConfiguration section */
		4013C26A19F3ADA70082CD1B /* Debug */ = {
			isa = XCBuildConfiguration;
			buildSettings = {
				ALWAYS_SEARCH_USER_PATHS = NO;
				CLANG_CXX_LANGUAGE_STANDARD = "gnu++0x";
				CLANG_CXX_LIBRARY = "libc++";
				CLANG_ENABLE_MODULES = YES;
				CLANG_ENABLE_OBJC_ARC = YES;
				CLANG_WARN_BOOL_CONVERSION = YES;
				CLANG_WARN_CONSTANT_CONVERSION = YES;
				CLANG_WARN_DIRECT_OBJC_ISA_USAGE = YES_ERROR;
				CLANG_WARN_EMPTY_BODY = YES;
				CLANG_WARN_ENUM_CONVERSION = YES;
				CLANG_WARN_INT_CONVERSION = YES;
				CLANG_WARN_OBJC_ROOT_CLASS = YES_ERROR;
				CLANG_WARN_UNREACHABLE_CODE = YES;
				CLANG_WARN__DUPLICATE_METHOD_MATCH = YES;
				"CODE_SIGN_IDENTITY[sdk=iphoneos*]" = "iPhone Developer";
				COPY_PHASE_STRIP = NO;
				ENABLE_STRICT_OBJC_MSGSEND = YES;
				GCC_C_LANGUAGE_STANDARD = gnu99;
				GCC_DYNAMIC_NO_PIC = NO;
				GCC_OPTIMIZATION_LEVEL = 0;
				GCC_PREPROCESSOR_DEFINITIONS = (
					"DEBUG=1",
					"$(inherited)",
				);
				GCC_SYMBOLS_PRIVATE_EXTERN = NO;
				GCC_WARN_64_TO_32_BIT_CONVERSION = YES;
				GCC_WARN_ABOUT_RETURN_TYPE = YES_ERROR;
				GCC_WARN_UNDECLARED_SELECTOR = YES;
				GCC_WARN_UNINITIALIZED_AUTOS = YES_AGGRESSIVE;
				GCC_WARN_UNUSED_FUNCTION = YES;
				GCC_WARN_UNUSED_VARIABLE = YES;
				IPHONEOS_DEPLOYMENT_TARGET = 8.0;
				MTL_ENABLE_DEBUG_INFO = YES;
				ONLY_ACTIVE_ARCH = YES;
				SDKROOT = iphoneos;
				SWIFT_OPTIMIZATION_LEVEL = "-Onone";
			};
			name = Debug;
		};
		4013C26B19F3ADA70082CD1B /* Release */ = {
			isa = XCBuildConfiguration;
			buildSettings = {
				ALWAYS_SEARCH_USER_PATHS = NO;
				CLANG_CXX_LANGUAGE_STANDARD = "gnu++0x";
				CLANG_CXX_LIBRARY = "libc++";
				CLANG_ENABLE_MODULES = YES;
				CLANG_ENABLE_OBJC_ARC = YES;
				CLANG_WARN_BOOL_CONVERSION = YES;
				CLANG_WARN_CONSTANT_CONVERSION = YES;
				CLANG_WARN_DIRECT_OBJC_ISA_USAGE = YES_ERROR;
				CLANG_WARN_EMPTY_BODY = YES;
				CLANG_WARN_ENUM_CONVERSION = YES;
				CLANG_WARN_INT_CONVERSION = YES;
				CLANG_WARN_OBJC_ROOT_CLASS = YES_ERROR;
				CLANG_WARN_UNREACHABLE_CODE = YES;
				CLANG_WARN__DUPLICATE_METHOD_MATCH = YES;
				"CODE_SIGN_IDENTITY[sdk=iphoneos*]" = "iPhone Developer";
				COPY_PHASE_STRIP = YES;
				ENABLE_NS_ASSERTIONS = NO;
				ENABLE_STRICT_OBJC_MSGSEND = YES;
				GCC_C_LANGUAGE_STANDARD = gnu99;
				GCC_WARN_64_TO_32_BIT_CONVERSION = YES;
				GCC_WARN_ABOUT_RETURN_TYPE = YES_ERROR;
				GCC_WARN_UNDECLARED_SELECTOR = YES;
				GCC_WARN_UNINITIALIZED_AUTOS = YES_AGGRESSIVE;
				GCC_WARN_UNUSED_FUNCTION = YES;
				GCC_WARN_UNUSED_VARIABLE = YES;
				IPHONEOS_DEPLOYMENT_TARGET = 8.0;
				MTL_ENABLE_DEBUG_INFO = NO;
				SDKROOT = iphoneos;
				VALIDATE_PRODUCT = YES;
			};
			name = Release;
		};
		4013C26D19F3ADA70082CD1B /* Debug */ = {
			isa = XCBuildConfiguration;
			buildSettings = {
				ASSETCATALOG_COMPILER_APPICON_NAME = AppIcon;
				INFOPLIST_FILE = "Map App/Info.plist";
				LD_RUNPATH_SEARCH_PATHS = "$(inherited) @executable_path/Frameworks";
				PRODUCT_NAME = "$(TARGET_NAME)";
			};
			name = Debug;
		};
		4013C26E19F3ADA70082CD1B /* Release */ = {
			isa = XCBuildConfiguration;
			buildSettings = {
				ASSETCATALOG_COMPILER_APPICON_NAME = AppIcon;
				INFOPLIST_FILE = "Map App/Info.plist";
				LD_RUNPATH_SEARCH_PATHS = "$(inherited) @executable_path/Frameworks";
				PRODUCT_NAME = "$(TARGET_NAME)";
			};
			name = Release;
		};
		4013C27019F3ADA70082CD1B /* Debug */ = {
			isa = XCBuildConfiguration;
			buildSettings = {
				BUNDLE_LOADER = "$(TEST_HOST)";
				FRAMEWORK_SEARCH_PATHS = (
					"$(SDKROOT)/Developer/Library/Frameworks",
					"$(inherited)",
				);
				GCC_PREPROCESSOR_DEFINITIONS = (
					"DEBUG=1",
					"$(inherited)",
				);
				INFOPLIST_FILE = "Map AppTests/Info.plist";
				LD_RUNPATH_SEARCH_PATHS = "$(inherited) @executable_path/Frameworks @loader_path/Frameworks";
				PRODUCT_NAME = "$(TARGET_NAME)";
				TEST_HOST = "$(BUILT_PRODUCTS_DIR)/Map App.app/Map App";
			};
			name = Debug;
		};
		4013C27119F3ADA70082CD1B /* Release */ = {
			isa = XCBuildConfiguration;
			buildSettings = {
				BUNDLE_LOADER = "$(TEST_HOST)";
				FRAMEWORK_SEARCH_PATHS = (
					"$(SDKROOT)/Developer/Library/Frameworks",
					"$(inherited)",
				);
				INFOPLIST_FILE = "Map AppTests/Info.plist";
				LD_RUNPATH_SEARCH_PATHS = "$(inherited) @executable_path/Frameworks @loader_path/Frameworks";
				PRODUCT_NAME = "$(TARGET_NAME)";
				TEST_HOST = "$(BUILT_PRODUCTS_DIR)/Map App.app/Map App";
			};
			name = Release;
		};
/* End XCBuildConfiguration section */

/* Begin XCConfigurationList section */
		4013C24819F3ADA60082CD1B /* Build configuration list for PBXProject "Map App" */ = {
			isa = XCConfigurationList;
			buildConfigurations = (
				4013C26A19F3ADA70082CD1B /* Debug */,
				4013C26B19F3ADA70082CD1B /* Release */,
			);
			defaultConfigurationIsVisible = 0;
			defaultConfigurationName = Release;
		};
		4013C26C19F3ADA70082CD1B /* Build configuration list for PBXNativeTarget "Map App" */ = {
			isa = XCConfigurationList;
			buildConfigurations = (
				4013C26D19F3ADA70082CD1B /* Debug */,
				4013C26E19F3ADA70082CD1B /* Release */,
			);
			defaultConfigurationIsVisible = 0;
			defaultConfigurationName = Release;
		};
		4013C26F19F3ADA70082CD1B /* Build configuration list for PBXNativeTarget "Map AppTests" */ = {
			isa = XCConfigurationList;
			buildConfigurations = (
				4013C27019F3ADA70082CD1B /* Debug */,
				4013C27119F3ADA70082CD1B /* Release */,
			);
			defaultConfigurationIsVisible = 0;
			defaultConfigurationName = Release;
		};
/* End XCConfigurationList section */
	};
	rootObject = 4013C24519F3ADA60082CD1B /* Project object */;
}
